// !$*UTF8*$!
{
	archiveVersion = 1;
	classes = {
	};
	objectVersion = 46;
	objects = {

/* Begin PBXBuildFile section */
		33141D941EAF4E8100B31AB0 /* arguments.cpp in Sources */ = {isa = PBXBuildFile; fileRef = 33141D921EAF4E8100B31AB0 /* arguments.cpp */; };
		332B7C551EA99E3E00B4FD8E /* main.cpp in Sources */ = {isa = PBXBuildFile; fileRef = 332B7C541EA99E3E00B4FD8E /* main.cpp */; };
		332B7C5E1EA9B36900B4FD8E /* mainprocedure.cpp in Sources */ = {isa = PBXBuildFile; fileRef = 332B7C5C1EA9B36800B4FD8E /* mainprocedure.cpp */; };
		332B7C611EA9B3BB00B4FD8E /* service.cpp in Sources */ = {isa = PBXBuildFile; fileRef = 332B7C5F1EA9B3BB00B4FD8E /* service.cpp */; };
		332B7C641EA9B6A000B4FD8E /* servicemanager.cpp in Sources */ = {isa = PBXBuildFile; fileRef = 332B7C621EA9B6A000B4FD8E /* servicemanager.cpp */; };
		334029A91EB99D23000A0417 /* monitorthread.cpp in Sources */ = {isa = PBXBuildFile; fileRef = 334029A71EB99D23000A0417 /* monitorthread.cpp */; };
		334029AC1EB9A3DC000A0417 /* timerthread.cpp in Sources */ = {isa = PBXBuildFile; fileRef = 334029AA1EB9A3DC000A0417 /* timerthread.cpp */; };
		334029AF1EB9A4E4000A0417 /* timer.cpp in Sources */ = {isa = PBXBuildFile; fileRef = 334029AD1EB9A4E4000A0417 /* timer.cpp */; };
		334029B31EBAE5F1000A0417 /* mainservice.cpp in Sources */ = {isa = PBXBuildFile; fileRef = 334029B11EBAE5F1000A0417 /* mainservice.cpp */; };
		334E9D9C1EB200A9009BB7ED /* coctx_swap.S in Sources */ = {isa = PBXBuildFile; fileRef = 334E9D991EB200A9009BB7ED /* coctx_swap.S */; };
		334E9D9D1EB200A9009BB7ED /* coctx.cpp in Sources */ = {isa = PBXBuildFile; fileRef = 334E9D9A1EB200A9009BB7ED /* coctx.cpp */; };
		334E9DA01EB2C7BB009BB7ED /* coroutine.cpp in Sources */ = {isa = PBXBuildFile; fileRef = 334E9D9E1EB2C7BB009BB7ED /* coroutine.cpp */; };
		334E9DA31EB2D24A009BB7ED /* coroutinemanager.cpp in Sources */ = {isa = PBXBuildFile; fileRef = 334E9DA11EB2D24A009BB7ED /* coroutinemanager.cpp */; };
		334E9DA61EB327A8009BB7ED /* runnable.cpp in Sources */ = {isa = PBXBuildFile; fileRef = 334E9DA41EB327A8009BB7ED /* runnable.cpp */; };
		334E9DA91EB339F9009BB7ED /* workthread.cpp in Sources */ = {isa = PBXBuildFile; fileRef = 334E9DA71EB339F9009BB7ED /* workthread.cpp */; };
		334E9DAC1EB33FD7009BB7ED /* monitor.cpp in Sources */ = {isa = PBXBuildFile; fileRef = 334E9DAA1EB33FD7009BB7ED /* monitor.cpp */; };
		33B05DE61EAF48D7007016E1 /* messagequeue.cpp in Sources */ = {isa = PBXBuildFile; fileRef = 33B05DE41EAF48D7007016E1 /* messagequeue.cpp */; };
		33B05DE91EAF49CF007016E1 /* globalmessagequeue.cpp in Sources */ = {isa = PBXBuildFile; fileRef = 33B05DE71EAF49CF007016E1 /* globalmessagequeue.cpp */; };
/* End PBXBuildFile section */

/* Begin PBXCopyFilesBuildPhase section */
		332B7C421EA9962400B4FD8E /* CopyFiles */ = {
			isa = PBXCopyFilesBuildPhase;
			buildActionMask = 2147483647;
			dstPath = /usr/share/man/man1/;
			dstSubfolderSpec = 0;
			files = (
			);
			runOnlyForDeploymentPostprocessing = 1;
		};
/* End PBXCopyFilesBuildPhase section */

/* Begin PBXFileReference section */
		33141D921EAF4E8100B31AB0 /* arguments.cpp */ = {isa = PBXFileReference; fileEncoding = 4; lastKnownFileType = sourcecode.cpp.cpp; name = arguments.cpp; path = kernel/arguments.cpp; sourceTree = "<group>"; };
		332B7C441EA9962400B4FD8E /* cskynet */ = {isa = PBXFileReference; explicitFileType = "compiled.mach-o.executable"; includeInIndex = 0; path = cskynet; sourceTree = BUILT_PRODUCTS_DIR; };
		332B7C531EA99A0300B4FD8E /* singleton.h */ = {isa = PBXFileReference; lastKnownFileType = sourcecode.c.h; name = singleton.h; path = common/singleton.h; sourceTree = "<group>"; };
		332B7C541EA99E3E00B4FD8E /* main.cpp */ = {isa = PBXFileReference; fileEncoding = 4; lastKnownFileType = sourcecode.cpp.cpp; name = main.cpp; path = kernel/main.cpp; sourceTree = "<group>"; };
		332B7C561EA9A22C00B4FD8E /* common.h */ = {isa = PBXFileReference; lastKnownFileType = sourcecode.c.h; name = common.h; path = common/common.h; sourceTree = "<group>"; };
		332B7C571EA9A33100B4FD8E /* spinlock.h */ = {isa = PBXFileReference; lastKnownFileType = sourcecode.c.h; name = spinlock.h; path = common/spinlock.h; sourceTree = "<group>"; };
		332B7C5C1EA9B36800B4FD8E /* mainprocedure.cpp */ = {isa = PBXFileReference; fileEncoding = 4; lastKnownFileType = sourcecode.cpp.cpp; name = mainprocedure.cpp; path = kernel/mainprocedure.cpp; sourceTree = "<group>"; };
		332B7C5D1EA9B36900B4FD8E /* mainprocedure.h */ = {isa = PBXFileReference; fileEncoding = 4; lastKnownFileType = sourcecode.c.h; name = mainprocedure.h; path = kernel/mainprocedure.h; sourceTree = "<group>"; };
		332B7C5F1EA9B3BB00B4FD8E /* service.cpp */ = {isa = PBXFileReference; fileEncoding = 4; lastKnownFileType = sourcecode.cpp.cpp; name = service.cpp; path = kernel/service.cpp; sourceTree = "<group>"; };
		332B7C601EA9B3BB00B4FD8E /* service.h */ = {isa = PBXFileReference; fileEncoding = 4; lastKnownFileType = sourcecode.c.h; name = service.h; path = kernel/service.h; sourceTree = "<group>"; };
		332B7C621EA9B6A000B4FD8E /* servicemanager.cpp */ = {isa = PBXFileReference; fileEncoding = 4; lastKnownFileType = sourcecode.cpp.cpp; name = servicemanager.cpp; path = kernel/servicemanager.cpp; sourceTree = "<group>"; };
		332B7C631EA9B6A000B4FD8E /* servicemanager.h */ = {isa = PBXFileReference; fileEncoding = 4; lastKnownFileType = sourcecode.c.h; name = servicemanager.h; path = kernel/servicemanager.h; sourceTree = "<group>"; };
		332B7C6B1EA9DCA100B4FD8E /* arguments.h */ = {isa = PBXFileReference; fileEncoding = 4; lastKnownFileType = sourcecode.c.h; name = arguments.h; path = kernel/arguments.h; sourceTree = "<group>"; };
		334029A61EB95EE5000A0417 /* message.h */ = {isa = PBXFileReference; fileEncoding = 4; lastKnownFileType = sourcecode.c.h; name = message.h; path = kernel/message.h; sourceTree = "<group>"; };
		334029A71EB99D23000A0417 /* monitorthread.cpp */ = {isa = PBXFileReference; fileEncoding = 4; lastKnownFileType = sourcecode.cpp.cpp; name = monitorthread.cpp; path = kernel/monitorthread.cpp; sourceTree = "<group>"; };
		334029A81EB99D23000A0417 /* monitorthread.h */ = {isa = PBXFileReference; fileEncoding = 4; lastKnownFileType = sourcecode.c.h; name = monitorthread.h; path = kernel/monitorthread.h; sourceTree = "<group>"; };
		334029AA1EB9A3DC000A0417 /* timerthread.cpp */ = {isa = PBXFileReference; fileEncoding = 4; lastKnownFileType = sourcecode.cpp.cpp; name = timerthread.cpp; path = kernel/timerthread.cpp; sourceTree = "<group>"; };
		334029AB1EB9A3DC000A0417 /* timerthread.h */ = {isa = PBXFileReference; fileEncoding = 4; lastKnownFileType = sourcecode.c.h; name = timerthread.h; path = kernel/timerthread.h; sourceTree = "<group>"; };
		334029AD1EB9A4E4000A0417 /* timer.cpp */ = {isa = PBXFileReference; fileEncoding = 4; lastKnownFileType = sourcecode.cpp.cpp; name = timer.cpp; path = kernel/timer.cpp; sourceTree = "<group>"; };
		334029AE1EB9A4E4000A0417 /* timer.h */ = {isa = PBXFileReference; fileEncoding = 4; lastKnownFileType = sourcecode.c.h; name = timer.h; path = kernel/timer.h; sourceTree = "<group>"; };
		334029B11EBAE5F1000A0417 /* mainservice.cpp */ = {isa = PBXFileReference; fileEncoding = 4; lastKnownFileType = sourcecode.cpp.cpp; name = mainservice.cpp; path = service/mainservice.cpp; sourceTree = "<group>"; };
		334029B21EBAE5F1000A0417 /* mainservice.h */ = {isa = PBXFileReference; fileEncoding = 4; lastKnownFileType = sourcecode.c.h; name = mainservice.h; path = service/mainservice.h; sourceTree = "<group>"; };
		334E9D991EB200A9009BB7ED /* coctx_swap.S */ = {isa = PBXFileReference; fileEncoding = 4; lastKnownFileType = sourcecode.asm; name = coctx_swap.S; path = kernel/cocontext/coctx_swap.S; sourceTree = "<group>"; };
		334E9D9A1EB200A9009BB7ED /* coctx.cpp */ = {isa = PBXFileReference; fileEncoding = 4; lastKnownFileType = sourcecode.cpp.cpp; name = coctx.cpp; path = kernel/cocontext/coctx.cpp; sourceTree = "<group>"; };
		334E9D9B1EB200A9009BB7ED /* coctx.h */ = {isa = PBXFileReference; fileEncoding = 4; lastKnownFileType = sourcecode.c.h; name = coctx.h; path = kernel/cocontext/coctx.h; sourceTree = "<group>"; };
		334E9D9E1EB2C7BB009BB7ED /* coroutine.cpp */ = {isa = PBXFileReference; fileEncoding = 4; lastKnownFileType = sourcecode.cpp.cpp; name = coroutine.cpp; path = kernel/coroutine.cpp; sourceTree = "<group>"; };
		334E9D9F1EB2C7BB009BB7ED /* coroutine.h */ = {isa = PBXFileReference; fileEncoding = 4; lastKnownFileType = sourcecode.c.h; name = coroutine.h; path = kernel/coroutine.h; sourceTree = "<group>"; };
		334E9DA11EB2D24A009BB7ED /* coroutinemanager.cpp */ = {isa = PBXFileReference; fileEncoding = 4; lastKnownFileType = sourcecode.cpp.cpp; name = coroutinemanager.cpp; path = kernel/coroutinemanager.cpp; sourceTree = "<group>"; };
		334E9DA21EB2D24A009BB7ED /* coroutinemanager.h */ = {isa = PBXFileReference; fileEncoding = 4; lastKnownFileType = sourcecode.c.h; name = coroutinemanager.h; path = kernel/coroutinemanager.h; sourceTree = "<group>"; };
		334E9DA41EB327A8009BB7ED /* runnable.cpp */ = {isa = PBXFileReference; fileEncoding = 4; lastKnownFileType = sourcecode.cpp.cpp; name = runnable.cpp; path = kernel/runnable.cpp; sourceTree = "<group>"; };
		334E9DA51EB327A8009BB7ED /* runnable.h */ = {isa = PBXFileReference; fileEncoding = 4; lastKnownFileType = sourcecode.c.h; name = runnable.h; path = kernel/runnable.h; sourceTree = "<group>"; };
		334E9DA71EB339F9009BB7ED /* workthread.cpp */ = {isa = PBXFileReference; fileEncoding = 4; lastKnownFileType = sourcecode.cpp.cpp; name = workthread.cpp; path = kernel/workthread.cpp; sourceTree = "<group>"; };
		334E9DA81EB339F9009BB7ED /* workthread.h */ = {isa = PBXFileReference; fileEncoding = 4; lastKnownFileType = sourcecode.c.h; name = workthread.h; path = kernel/workthread.h; sourceTree = "<group>"; };
		334E9DAA1EB33FD7009BB7ED /* monitor.cpp */ = {isa = PBXFileReference; fileEncoding = 4; lastKnownFileType = sourcecode.cpp.cpp; name = monitor.cpp; path = kernel/monitor.cpp; sourceTree = "<group>"; };
		334E9DAB1EB33FD7009BB7ED /* monitor.h */ = {isa = PBXFileReference; fileEncoding = 4; lastKnownFileType = sourcecode.c.h; name = monitor.h; path = kernel/monitor.h; sourceTree = "<group>"; };
		334E9DAD1EB34D91009BB7ED /* rwlock.h */ = {isa = PBXFileReference; fileEncoding = 4; lastKnownFileType = sourcecode.c.h; name = rwlock.h; path = common/rwlock.h; sourceTree = "<group>"; };
		33B05DE01EAF2F5B007016E1 /* circularqueue.h */ = {isa = PBXFileReference; fileEncoding = 4; lastKnownFileType = sourcecode.c.h; name = circularqueue.h; path = common/circularqueue.h; sourceTree = "<group>"; };
		33B05DE41EAF48D7007016E1 /* messagequeue.cpp */ = {isa = PBXFileReference; fileEncoding = 4; lastKnownFileType = sourcecode.cpp.cpp; name = messagequeue.cpp; path = kernel/messagequeue.cpp; sourceTree = "<group>"; };
		33B05DE51EAF48D7007016E1 /* messagequeue.h */ = {isa = PBXFileReference; fileEncoding = 4; lastKnownFileType = sourcecode.c.h; name = messagequeue.h; path = kernel/messagequeue.h; sourceTree = "<group>"; };
		33B05DE71EAF49CF007016E1 /* globalmessagequeue.cpp */ = {isa = PBXFileReference; fileEncoding = 4; lastKnownFileType = sourcecode.cpp.cpp; name = globalmessagequeue.cpp; path = kernel/globalmessagequeue.cpp; sourceTree = "<group>"; };
		33B05DE81EAF49CF007016E1 /* globalmessagequeue.h */ = {isa = PBXFileReference; fileEncoding = 4; lastKnownFileType = sourcecode.c.h; name = globalmessagequeue.h; path = kernel/globalmessagequeue.h; sourceTree = "<group>"; };
/* End PBXFileReference section */

/* Begin PBXFrameworksBuildPhase section */
		332B7C411EA9962400B4FD8E /* Frameworks */ = {
			isa = PBXFrameworksBuildPhase;
			buildActionMask = 2147483647;
			files = (
			);
			runOnlyForDeploymentPostprocessing = 0;
		};
/* End PBXFrameworksBuildPhase section */

/* Begin PBXGroup section */
		332B7C3B1EA9962400B4FD8E = {
			isa = PBXGroup;
			children = (
				332B7C461EA9962400B4FD8E /* cskynet */,
				332B7C451EA9962400B4FD8E /* Products */,
			);
			sourceTree = "<group>";
		};
		332B7C451EA9962400B4FD8E /* Products */ = {
			isa = PBXGroup;
			children = (
				332B7C441EA9962400B4FD8E /* cskynet */,
			);
			name = Products;
			sourceTree = "<group>";
		};
		332B7C461EA9962400B4FD8E /* cskynet */ = {
			isa = PBXGroup;
			children = (
				334029B01EBAE5C2000A0417 /* service */,
				332B7C521EA999B300B4FD8E /* common */,
				332B7C4E1EA9968300B4FD8E /* kernel */,
			);
			path = cskynet;
			sourceTree = "<group>";
		};
		332B7C4E1EA9968300B4FD8E /* kernel */ = {
			isa = PBXGroup;
			children = (
				334029A61EB95EE5000A0417 /* message.h */,
				334E9D981EB20071009BB7ED /* cocontext */,
				33B05DE71EAF49CF007016E1 /* globalmessagequeue.cpp */,
				33B05DE81EAF49CF007016E1 /* globalmessagequeue.h */,
				33B05DE41EAF48D7007016E1 /* messagequeue.cpp */,
				33B05DE51EAF48D7007016E1 /* messagequeue.h */,
				332B7C5C1EA9B36800B4FD8E /* mainprocedure.cpp */,
				332B7C5D1EA9B36900B4FD8E /* mainprocedure.h */,
				332B7C541EA99E3E00B4FD8E /* main.cpp */,
				332B7C5F1EA9B3BB00B4FD8E /* service.cpp */,
				332B7C601EA9B3BB00B4FD8E /* service.h */,
				332B7C621EA9B6A000B4FD8E /* servicemanager.cpp */,
				332B7C631EA9B6A000B4FD8E /* servicemanager.h */,
				332B7C6B1EA9DCA100B4FD8E /* arguments.h */,
				33141D921EAF4E8100B31AB0 /* arguments.cpp */,
				334E9D9E1EB2C7BB009BB7ED /* coroutine.cpp */,
				334E9D9F1EB2C7BB009BB7ED /* coroutine.h */,
				334E9DA11EB2D24A009BB7ED /* coroutinemanager.cpp */,
				334E9DA21EB2D24A009BB7ED /* coroutinemanager.h */,
				334E9DA41EB327A8009BB7ED /* runnable.cpp */,
				334E9DA51EB327A8009BB7ED /* runnable.h */,
				334E9DA71EB339F9009BB7ED /* workthread.cpp */,
				334E9DA81EB339F9009BB7ED /* workthread.h */,
				334E9DAA1EB33FD7009BB7ED /* monitor.cpp */,
				334E9DAB1EB33FD7009BB7ED /* monitor.h */,
				334029A71EB99D23000A0417 /* monitorthread.cpp */,
				334029A81EB99D23000A0417 /* monitorthread.h */,
				334029AA1EB9A3DC000A0417 /* timerthread.cpp */,
				334029AB1EB9A3DC000A0417 /* timerthread.h */,
				334029AD1EB9A4E4000A0417 /* timer.cpp */,
				334029AE1EB9A4E4000A0417 /* timer.h */,
			);
			name = kernel;
			sourceTree = "<group>";
		};
		332B7C521EA999B300B4FD8E /* common */ = {
			isa = PBXGroup;
			children = (
				332B7C531EA99A0300B4FD8E /* singleton.h */,
				332B7C561EA9A22C00B4FD8E /* common.h */,
				332B7C571EA9A33100B4FD8E /* spinlock.h */,
				33B05DE01EAF2F5B007016E1 /* circularqueue.h */,
				334E9DAD1EB34D91009BB7ED /* rwlock.h */,
			);
			name = common;
			sourceTree = "<group>";
		};
		334029B01EBAE5C2000A0417 /* service */ = {
			isa = PBXGroup;
			children = (
				334029B11EBAE5F1000A0417 /* mainservice.cpp */,
				334029B21EBAE5F1000A0417 /* mainservice.h */,
			);
			name = service;
			sourceTree = "<group>";
		};
		334E9D981EB20071009BB7ED /* cocontext */ = {
			isa = PBXGroup;
			children = (
				334E9D991EB200A9009BB7ED /* coctx_swap.S */,
				334E9D9A1EB200A9009BB7ED /* coctx.cpp */,
				334E9D9B1EB200A9009BB7ED /* coctx.h */,
			);
			name = cocontext;
			sourceTree = "<group>";
		};
/* End PBXGroup section */

/* Begin PBXNativeTarget section */
		332B7C431EA9962400B4FD8E /* cskynet */ = {
			isa = PBXNativeTarget;
			buildConfigurationList = 332B7C4B1EA9962400B4FD8E /* Build configuration list for PBXNativeTarget "cskynet" */;
			buildPhases = (
				332B7C401EA9962400B4FD8E /* Sources */,
				332B7C411EA9962400B4FD8E /* Frameworks */,
				332B7C421EA9962400B4FD8E /* CopyFiles */,
			);
			buildRules = (
			);
			dependencies = (
			);
			name = cskynet;
			productName = cskynet;
			productReference = 332B7C441EA9962400B4FD8E /* cskynet */;
			productType = "com.apple.product-type.tool";
		};
/* End PBXNativeTarget section */

/* Begin PBXProject section */
		332B7C3C1EA9962400B4FD8E /* Project object */ = {
			isa = PBXProject;
			attributes = {
				LastUpgradeCheck = 0830;
				ORGANIZATIONNAME = Neon;
				TargetAttributes = {
					332B7C431EA9962400B4FD8E = {
						CreatedOnToolsVersion = 8.3.1;
						ProvisioningStyle = Automatic;
					};
				};
			};
			buildConfigurationList = 332B7C3F1EA9962400B4FD8E /* Build configuration list for PBXProject "cskynet" */;
			compatibilityVersion = "Xcode 3.2";
			developmentRegion = English;
			hasScannedForEncodings = 0;
			knownRegions = (
				en,
			);
			mainGroup = 332B7C3B1EA9962400B4FD8E;
			productRefGroup = 332B7C451EA9962400B4FD8E /* Products */;
			projectDirPath = "";
			projectRoot = "";
			targets = (
				332B7C431EA9962400B4FD8E /* cskynet */,
			);
		};
/* End PBXProject section */

/* Begin PBXSourcesBuildPhase section */
		332B7C401EA9962400B4FD8E /* Sources */ = {
			isa = PBXSourcesBuildPhase;
			buildActionMask = 2147483647;
			files = (
				334E9DA61EB327A8009BB7ED /* runnable.cpp in Sources */,
				332B7C5E1EA9B36900B4FD8E /* mainprocedure.cpp in Sources */,
				334E9D9C1EB200A9009BB7ED /* coctx_swap.S in Sources */,
				334E9D9D1EB200A9009BB7ED /* coctx.cpp in Sources */,
				334E9DAC1EB33FD7009BB7ED /* monitor.cpp in Sources */,
				33B05DE91EAF49CF007016E1 /* globalmessagequeue.cpp in Sources */,
				334029B31EBAE5F1000A0417 /* mainservice.cpp in Sources */,
				33B05DE61EAF48D7007016E1 /* messagequeue.cpp in Sources */,
				332B7C611EA9B3BB00B4FD8E /* service.cpp in Sources */,
				33141D941EAF4E8100B31AB0 /* arguments.cpp in Sources */,
				334029AC1EB9A3DC000A0417 /* timerthread.cpp in Sources */,
				334029A91EB99D23000A0417 /* monitorthread.cpp in Sources */,
				334E9DA31EB2D24A009BB7ED /* coroutinemanager.cpp in Sources */,
				334029AF1EB9A4E4000A0417 /* timer.cpp in Sources */,
				332B7C551EA99E3E00B4FD8E /* main.cpp in Sources */,
				332B7C641EA9B6A000B4FD8E /* servicemanager.cpp in Sources */,
				334E9DA01EB2C7BB009BB7ED /* coroutine.cpp in Sources */,
				334E9DA91EB339F9009BB7ED /* workthread.cpp in Sources */,
			);
			runOnlyForDeploymentPostprocessing = 0;
		};
/* End PBXSourcesBuildPhase section */

/* Begin XCBuildConfiguration section */
		332B7C491EA9962400B4FD8E /* Debug */ = {
			isa = XCBuildConfiguration;
			buildSettings = {
				ALWAYS_SEARCH_USER_PATHS = NO;
				CLANG_ANALYZER_NONNULL = YES;
				CLANG_ANALYZER_NUMBER_OBJECT_CONVERSION = YES_AGGRESSIVE;
				CLANG_CXX_LANGUAGE_STANDARD = "gnu++0x";
				CLANG_CXX_LIBRARY = "libc++";
				CLANG_ENABLE_MODULES = YES;
				CLANG_ENABLE_OBJC_ARC = YES;
				CLANG_WARN_BOOL_CONVERSION = YES;
				CLANG_WARN_CONSTANT_CONVERSION = YES;
				CLANG_WARN_DIRECT_OBJC_ISA_USAGE = YES_ERROR;
				CLANG_WARN_DOCUMENTATION_COMMENTS = YES;
				CLANG_WARN_EMPTY_BODY = YES;
				CLANG_WARN_ENUM_CONVERSION = YES;
				CLANG_WARN_INFINITE_RECURSION = YES;
				CLANG_WARN_INT_CONVERSION = YES;
				CLANG_WARN_OBJC_ROOT_CLASS = YES_ERROR;
				CLANG_WARN_SUSPICIOUS_MOVE = YES;
				CLANG_WARN_UNREACHABLE_CODE = YES;
				CLANG_WARN__DUPLICATE_METHOD_MATCH = YES;
				CODE_SIGN_IDENTITY = "-";
				COPY_PHASE_STRIP = NO;
				DEBUG_INFORMATION_FORMAT = dwarf;
				ENABLE_STRICT_OBJC_MSGSEND = YES;
				ENABLE_TESTABILITY = YES;
				GCC_C_LANGUAGE_STANDARD = gnu99;
				GCC_DYNAMIC_NO_PIC = NO;
				GCC_NO_COMMON_BLOCKS = YES;
				GCC_OPTIMIZATION_LEVEL = 0;
				GCC_PREPROCESSOR_DEFINITIONS = (
					"DEBUG=1",
					"$(inherited)",
				);
				GCC_WARN_64_TO_32_BIT_CONVERSION = YES;
				GCC_WARN_ABOUT_RETURN_TYPE = YES_ERROR;
				GCC_WARN_UNDECLARED_SELECTOR = YES;
				GCC_WARN_UNINITIALIZED_AUTOS = YES_AGGRESSIVE;
				GCC_WARN_UNUSED_FUNCTION = YES;
				GCC_WARN_UNUSED_VARIABLE = YES;
				MACOSX_DEPLOYMENT_TARGET = 10.12;
				MTL_ENABLE_DEBUG_INFO = YES;
				ONLY_ACTIVE_ARCH = YES;
				SDKROOT = macosx;
			};
			name = Debug;
		};
		332B7C4A1EA9962400B4FD8E /* Release */ = {
			isa = XCBuildConfiguration;
			buildSettings = {
				ALWAYS_SEARCH_USER_PATHS = NO;
				CLANG_ANALYZER_NONNULL = YES;
				CLANG_ANALYZER_NUMBER_OBJECT_CONVERSION = YES_AGGRESSIVE;
				CLANG_CXX_LANGUAGE_STANDARD = "gnu++0x";
				CLANG_CXX_LIBRARY = "libc++";
				CLANG_ENABLE_MODULES = YES;
				CLANG_ENABLE_OBJC_ARC = YES;
				CLANG_WARN_BOOL_CONVERSION = YES;
				CLANG_WARN_CONSTANT_CONVERSION = YES;
				CLANG_WARN_DIRECT_OBJC_ISA_USAGE = YES_ERROR;
				CLANG_WARN_DOCUMENTATION_COMMENTS = YES;
				CLANG_WARN_EMPTY_BODY = YES;
				CLANG_WARN_ENUM_CONVERSION = YES;
				CLANG_WARN_INFINITE_RECURSION = YES;
				CLANG_WARN_INT_CONVERSION = YES;
				CLANG_WARN_OBJC_ROOT_CLASS = YES_ERROR;
				CLANG_WARN_SUSPICIOUS_MOVE = YES;
				CLANG_WARN_UNREACHABLE_CODE = YES;
				CLANG_WARN__DUPLICATE_METHOD_MATCH = YES;
				CODE_SIGN_IDENTITY = "-";
				COPY_PHASE_STRIP = NO;
				DEBUG_INFORMATION_FORMAT = "dwarf-with-dsym";
				ENABLE_NS_ASSERTIONS = NO;
				ENABLE_STRICT_OBJC_MSGSEND = YES;
				GCC_C_LANGUAGE_STANDARD = gnu99;
				GCC_NO_COMMON_BLOCKS = YES;
				GCC_WARN_64_TO_32_BIT_CONVERSION = YES;
				GCC_WARN_ABOUT_RETURN_TYPE = YES_ERROR;
				GCC_WARN_UNDECLARED_SELECTOR = YES;
				GCC_WARN_UNINITIALIZED_AUTOS = YES_AGGRESSIVE;
				GCC_WARN_UNUSED_FUNCTION = YES;
				GCC_WARN_UNUSED_VARIABLE = YES;
				MACOSX_DEPLOYMENT_TARGET = 10.12;
				MTL_ENABLE_DEBUG_INFO = NO;
				SDKROOT = macosx;
			};
			name = Release;
		};
		332B7C4C1EA9962400B4FD8E /* Debug */ = {
			isa = XCBuildConfiguration;
			buildSettings = {
				PRODUCT_NAME = "$(TARGET_NAME)";
			};
			name = Debug;
		};
		332B7C4D1EA9962400B4FD8E /* Release */ = {
			isa = XCBuildConfiguration;
			buildSettings = {
				PRODUCT_NAME = "$(TARGET_NAME)";
			};
			name = Release;
		};
/* End XCBuildConfiguration section */

/* Begin XCConfigurationList section */
		332B7C3F1EA9962400B4FD8E /* Build configuration list for PBXProject "cskynet" */ = {
			isa = XCConfigurationList;
			buildConfigurations = (
				332B7C491EA9962400B4FD8E /* Debug */,
				332B7C4A1EA9962400B4FD8E /* Release */,
			);
			defaultConfigurationIsVisible = 0;
			defaultConfigurationName = Release;
		};
		332B7C4B1EA9962400B4FD8E /* Build configuration list for PBXNativeTarget "cskynet" */ = {
			isa = XCConfigurationList;
			buildConfigurations = (
				332B7C4C1EA9962400B4FD8E /* Debug */,
				332B7C4D1EA9962400B4FD8E /* Release */,
			);
			defaultConfigurationIsVisible = 0;
			defaultConfigurationName = Release;
		};
/* End XCConfigurationList section */
	};
	rootObject = 332B7C3C1EA9962400B4FD8E /* Project object */;
}
